
Microsoft Visual Studio Solution File, Format Version 12.00
# Visual Studio 2012
Project("{FAE04EC0-301F-11D3-BF4B-00C04F79EFBC}") = "BTVN", "BTVN\BTVN.csproj", "{B1F65AF5-F2F3-47CE-9DF4-D4FF59F81ABD}"
EndProject
Global
	GlobalSection(SolutionConfigurationPlatforms) = preSolution
		Debug|Any CPU = Debug|Any CPU
		Release|Any CPU = Release|Any CPU
	EndGlobalSection
	GlobalSection(ProjectConfigurationPlatforms) = postSolution
		{B1F65AF5-F2F3-47CE-9DF4-D4FF59F81ABD}.Debug|Any CPU.ActiveCfg = Debug|Any CPU
		{B1F65AF5-F2F3-47CE-9DF4-D4FF59F81ABD}.Debug|Any CPU.Build.0 = Debug|Any CPU
		{B1F65AF5-F2F3-47CE-9DF4-D4FF59F81ABD}.Release|Any CPU.ActiveCfg = Release|Any CPU
		{B1F65AF5-F2F3-47CE-9DF4-D4FF59F81ABD}.Release|Any CPU.Build.0 = Release|Any CPU
	EndGlobalSection
	GlobalSection(SolutionProperties) = preSolution
		HideSolutionNode = FALSE
	EndGlobalSection
EndGlobal
