
Microsoft Visual Studio Solution File, Format Version 12.00
# Visual Studio 2012
Project("{FAE04EC0-301F-11D3-BF4B-00C04F79EFBC}") = "2001181435_TranThiKimXuan_Tuan6", "2001181435_TranThiKimXuan_Tuan6\2001181435_TranThiKimXuan_Tuan6.csproj", "{723D56D1-6C3D-464E-958B-AE632B7FE7DD}"
EndProject
Global
	GlobalSection(SolutionConfigurationPlatforms) = preSolution
		Debug|Any CPU = Debug|Any CPU
		Release|Any CPU = Release|Any CPU
	EndGlobalSection
	GlobalSection(ProjectConfigurationPlatforms) = postSolution
		{723D56D1-6C3D-464E-958B-AE632B7FE7DD}.Debug|Any CPU.ActiveCfg = Debug|Any CPU
		{723D56D1-6C3D-464E-958B-AE632B7FE7DD}.Debug|Any CPU.Build.0 = Debug|Any CPU
		{723D56D1-6C3D-464E-958B-AE632B7FE7DD}.Release|Any CPU.ActiveCfg = Release|Any CPU
		{723D56D1-6C3D-464E-958B-AE632B7FE7DD}.Release|Any CPU.Build.0 = Release|Any CPU
	EndGlobalSection
	GlobalSection(SolutionProperties) = preSolution
		HideSolutionNode = FALSE
	EndGlobalSection
EndGlobal
